
Microsoft Visual Studio Solution File, Format Version 12.00
# Visual Studio 16
Project("{8BC9CEB8-8B4A-11D0-8D11-00A0C91BC942}") = "GTAIV.CE.JapaneseFix", "GTAIV.CE.JapaneseFix.vcxproj", "{7219965A-5EA8-1F24-07C7-331FF33430CA}"
EndProject
Global
	GlobalSection(SolutionConfigurationPlatforms) = preSolution
		Debug|Win32 = Debug|Win32
		Release|Win32 = Release|Win32
	EndGlobalSection
	GlobalSection(ProjectConfigurationPlatforms) = postSolution
		{7219965A-5EA8-1F24-07C7-331FF33430CA}.Debug|Win32.ActiveCfg = Debug|Win32
		{7219965A-5EA8-1F24-07C7-331FF33430CA}.Debug|Win32.Build.0 = Debug|Win32
		{7219965A-5EA8-1F24-07C7-331FF33430CA}.Release|Win32.ActiveCfg = Release|Win32
		{7219965A-5EA8-1F24-07C7-331FF33430CA}.Release|Win32.Build.0 = Release|Win32
	EndGlobalSection
	GlobalSection(SolutionProperties) = preSolution
		HideSolutionNode = FALSE
	EndGlobalSection
EndGlobal
